# @generated by Move, please check-in and do not edit manually.

[move]
version = 3
manifest_digest = "E64EFE795B5A24E7FEDF172AC7FF0C801C6E46C30570871C464E964A2EB2B4BD"
deps_digest = "F8BBB0CCB2491CA29A3DF03D6F92277A4F3574266507ACD77214D37ECA3F3082"
dependencies = [
  { id = "Sui", name = "Sui" },
]

[[move.package]]
id = "MoveStdlib"
source = { git = "https://github.com/MystenLabs/sui.git", rev = "framework/devnet", subdir = "crates\\sui-framework\\packages\\move-stdlib" }

[[move.package]]
id = "Sui"
source = { git = "https://github.com/MystenLabs/sui.git", rev = "framework/devnet", subdir = "crates/sui-framework/packages/sui-framework" }

dependencies = [
  { id = "MoveStdlib", name = "MoveStdlib" },
]

[move.toolchain-version]
compiler-version = "1.59.1"
edition = "2024.beta"
flavor = "sui"

[env]

[env.devnet]
chain-id = "4e8248fb"
original-published-id = "0x8516dae76767a7be1822c1ab91333a743ae637677083205146ee799e1e1012a7"
latest-published-id = "0x8516dae76767a7be1822c1ab91333a743ae637677083205146ee799e1e1012a7"
published-version = "1"
